// !$*UTF8*$!
{
	archiveVersion = 1;
	classes = {
	};
	objectVersion = 56;
	objects = {

/* Begin PBXBuildFile section */
		355DD4782C861B4300AB25F8 /* Workflow2App.swift in Sources */ = {isa = PBXBuildFile; fileRef = 355DD4772C861B4300AB25F8 /* Workflow2App.swift */; };
		355DD47A2C861B4300AB25F8 /* ContentView.swift in Sources */ = {isa = PBXBuildFile; fileRef = 355DD4792C861B4300AB25F8 /* ContentView.swift */; };
		355DD47C2C861B4400AB25F8 /* Assets.xcassets in Resources */ = {isa = PBXBuildFile; fileRef = 355DD47B2C861B4400AB25F8 /* Assets.xcassets */; };
		355DD47F2C861B4400AB25F8 /* Preview Assets.xcassets in Resources */ = {isa = PBXBuildFile; fileRef = 355DD47E2C861B4400AB25F8 /* Preview Assets.xcassets */; };
		355DD4892C861B4400AB25F8 /* Workflow2Tests.swift in Sources */ = {isa = PBXBuildFile; fileRef = 355DD4882C861B4400AB25F8 /* Workflow2Tests.swift */; };
		355DD4932C861B4400AB25F8 /* Workflow2UITests.swift in Sources */ = {isa = PBXBuildFile; fileRef = 355DD4922C861B4400AB25F8 /* Workflow2UITests.swift */; };
		355DD4952C861B4400AB25F8 /* Workflow2UITestsLaunchTests.swift in Sources */ = {isa = PBXBuildFile; fileRef = 355DD4942C861B4400AB25F8 /* Workflow2UITestsLaunchTests.swift */; };
/* End PBXBuildFile section */

/* Begin PBXContainerItemProxy section */
		355DD4852C861B4400AB25F8 /* PBXContainerItemProxy */ = {
			isa = PBXContainerItemProxy;
			containerPortal = 355DD46C2C861B4300AB25F8 /* Project object */;
			proxyType = 1;
			remoteGlobalIDString = 355DD4732C861B4300AB25F8;
			remoteInfo = Workflow2;
		};
		355DD48F2C861B4400AB25F8 /* PBXContainerItemProxy */ = {
			isa = PBXContainerItemProxy;
			containerPortal = 355DD46C2C861B4300AB25F8 /* Project object */;
			proxyType = 1;
			remoteGlobalIDString = 355DD4732C861B4300AB25F8;
			remoteInfo = Workflow2;
		};
/* End PBXContainerItemProxy section */

/* Begin PBXFileReference section */
		355DD4742C861B4300AB25F8 /* Workflow2.app */ = {isa = PBXFileReference; explicitFileType = wrapper.application; includeInIndex = 0; path = Workflow2.app; sourceTree = BUILT_PRODUCTS_DIR; };
		355DD4772C861B4300AB25F8 /* Workflow2App.swift */ = {isa = PBXFileReference; lastKnownFileType = sourcecode.swift; path = Workflow2App.swift; sourceTree = "<group>"; };
		355DD4792C861B4300AB25F8 /* ContentView.swift */ = {isa = PBXFileReference; lastKnownFileType = sourcecode.swift; path = ContentView.swift; sourceTree = "<group>"; };
		355DD47B2C861B4400AB25F8 /* Assets.xcassets */ = {isa = PBXFileReference; lastKnownFileType = folder.assetcatalog; path = Assets.xcassets; sourceTree = "<group>"; };
		355DD47E2C861B4400AB25F8 /* Preview Assets.xcassets */ = {isa = PBXFileReference; lastKnownFileType = folder.assetcatalog; path = "Preview Assets.xcassets"; sourceTree = "<group>"; };
		355DD4842C861B4400AB25F8 /* Workflow2Tests.xctest */ = {isa = PBXFileReference; explicitFileType = wrapper.cfbundle; includeInIndex = 0; path = Workflow2Tests.xctest; sourceTree = BUILT_PRODUCTS_DIR; };
		355DD4882C861B4400AB25F8 /* Workflow2Tests.swift */ = {isa = PBXFileReference; lastKnownFileType = sourcecode.swift; path = Workflow2Tests.swift; sourceTree = "<group>"; };
		355DD48E2C861B4400AB25F8 /* Workflow2UITests.xctest */ = {isa = PBXFileReference; explicitFileType = wrapper.cfbundle; includeInIndex = 0; path = Workflow2UITests.xctest; sourceTree = BUILT_PRODUCTS_DIR; };
		355DD4922C861B4400AB25F8 /* Workflow2UITests.swift */ = {isa = PBXFileReference; lastKnownFileType = sourcecode.swift; path = Workflow2UITests.swift; sourceTree = "<group>"; };
		355DD4942C861B4400AB25F8 /* Workflow2UITestsLaunchTests.swift */ = {isa = PBXFileReference; lastKnownFileType = sourcecode.swift; path = Workflow2UITestsLaunchTests.swift; sourceTree = "<group>"; };
/* End PBXFileReference section */

/* Begin PBXFrameworksBuildPhase section */
		355DD4712C861B4300AB25F8 /* Frameworks */ = {
			isa = PBXFrameworksBuildPhase;
			buildActionMask = 2147483647;
			files = (
			);
			runOnlyForDeploymentPostprocessing = 0;
		};
		355DD4812C861B4400AB25F8 /* Frameworks */ = {
			isa = PBXFrameworksBuildPhase;
			buildActionMask = 2147483647;
			files = (
			);
			runOnlyForDeploymentPostprocessing = 0;
		};
		355DD48B2C861B4400AB25F8 /* Frameworks */ = {
			isa = PBXFrameworksBuildPhase;
			buildActionMask = 2147483647;
			files = (
			);
			runOnlyForDeploymentPostprocessing = 0;
		};
/* End PBXFrameworksBuildPhase section */

/* Begin PBXGroup section */
		355DD46B2C861B4300AB25F8 = {
			isa = PBXGroup;
			children = (
				355DD4762C861B4300AB25F8 /* Workflow2 */,
				355DD4872C861B4400AB25F8 /* Workflow2Tests */,
				355DD4912C861B4400AB25F8 /* Workflow2UITests */,
				355DD4752C861B4300AB25F8 /* Products */,
			);
			sourceTree = "<group>";
		};
		355DD4752C861B4300AB25F8 /* Products */ = {
			isa = PBXGroup;
			children = (
				355DD4742C861B4300AB25F8 /* Workflow2.app */,
				355DD4842C861B4400AB25F8 /* Workflow2Tests.xctest */,
				355DD48E2C861B4400AB25F8 /* Workflow2UITests.xctest */,
			);
			name = Products;
			sourceTree = "<group>";
		};
		355DD4762C861B4300AB25F8 /* Workflow2 */ = {
			isa = PBXGroup;
			children = (
				355DD4772C861B4300AB25F8 /* Workflow2App.swift */,
				355DD4792C861B4300AB25F8 /* ContentView.swift */,
				355DD47B2C861B4400AB25F8 /* Assets.xcassets */,
				355DD47D2C861B4400AB25F8 /* Preview Content */,
			);
			path = Workflow2;
			sourceTree = "<group>";
		};
		355DD47D2C861B4400AB25F8 /* Preview Content */ = {
			isa = PBXGroup;
			children = (
				355DD47E2C861B4400AB25F8 /* Preview Assets.xcassets */,
			);
			path = "Preview Content";
			sourceTree = "<group>";
		};
		355DD4872C861B4400AB25F8 /* Workflow2Tests */ = {
			isa = PBXGroup;
			children = (
				355DD4882C861B4400AB25F8 /* Workflow2Tests.swift */,
			);
			path = Workflow2Tests;
			sourceTree = "<group>";
		};
		355DD4912C861B4400AB25F8 /* Workflow2UITests */ = {
			isa = PBXGroup;
			children = (
				355DD4922C861B4400AB25F8 /* Workflow2UITests.swift */,
				355DD4942C861B4400AB25F8 /* Workflow2UITestsLaunchTests.swift */,
			);
			path = Workflow2UITests;
			sourceTree = "<group>";
		};
/* End PBXGroup section */

/* Begin PBXNativeTarget section */
		355DD4732C861B4300AB25F8 /* Workflow2 */ = {
			isa = PBXNativeTarget;
			buildConfigurationList = 355DD4982C861B4400AB25F8 /* Build configuration list for PBXNativeTarget "Workflow2" */;
			buildPhases = (
				355DD4702C861B4300AB25F8 /* Sources */,
				355DD4712C861B4300AB25F8 /* Frameworks */,
				355DD4722C861B4300AB25F8 /* Resources */,
			);
			buildRules = (
			);
			dependencies = (
			);
			name = Workflow2;
			productName = Workflow2;
			productReference = 355DD4742C861B4300AB25F8 /* Workflow2.app */;
			productType = "com.apple.product-type.application";
		};
		355DD4832C861B4400AB25F8 /* Workflow2Tests */ = {
			isa = PBXNativeTarget;
			buildConfigurationList = 355DD49B2C861B4400AB25F8 /* Build configuration list for PBXNativeTarget "Workflow2Tests" */;
			buildPhases = (
				355DD4802C861B4400AB25F8 /* Sources */,
				355DD4812C861B4400AB25F8 /* Frameworks */,
				355DD4822C861B4400AB25F8 /* Resources */,
			);
			buildRules = (
			);
			dependencies = (
				355DD4862C861B4400AB25F8 /* PBXTargetDependency */,
			);
			name = Workflow2Tests;
			productName = Workflow2Tests;
			productReference = 355DD4842C861B4400AB25F8 /* Workflow2Tests.xctest */;
			productType = "com.apple.product-type.bundle.unit-test";
		};
		355DD48D2C861B4400AB25F8 /* Workflow2UITests */ = {
			isa = PBXNativeTarget;
			buildConfigurationList = 355DD49E2C861B4400AB25F8 /* Build configuration list for PBXNativeTarget "Workflow2UITests" */;
			buildPhases = (
				355DD48A2C861B4400AB25F8 /* Sources */,
				355DD48B2C861B4400AB25F8 /* Frameworks */,
				355DD48C2C861B4400AB25F8 /* Resources */,
			);
			buildRules = (
			);
			dependencies = (
				355DD4902C861B4400AB25F8 /* PBXTargetDependency */,
			);
			name = Workflow2UITests;
			productName = Workflow2UITests;
			productReference = 355DD48E2C861B4400AB25F8 /* Workflow2UITests.xctest */;
			productType = "com.apple.product-type.bundle.ui-testing";
		};
/* End PBXNativeTarget section */

/* Begin PBXProject section */
		355DD46C2C861B4300AB25F8 /* Project object */ = {
			isa = PBXProject;
			attributes = {
				BuildIndependentTargetsInParallel = 1;
				LastSwiftUpdateCheck = 1540;
				LastUpgradeCheck = 1540;
				TargetAttributes = {
					355DD4732C861B4300AB25F8 = {
						CreatedOnToolsVersion = 15.4;
					};
					355DD4832C861B4400AB25F8 = {
						CreatedOnToolsVersion = 15.4;
						TestTargetID = 355DD4732C861B4300AB25F8;
					};
					355DD48D2C861B4400AB25F8 = {
						CreatedOnToolsVersion = 15.4;
						TestTargetID = 355DD4732C861B4300AB25F8;
					};
				};
			};
			buildConfigurationList = 355DD46F2C861B4300AB25F8 /* Build configuration list for PBXProject "Workflow2" */;
			compatibilityVersion = "Xcode 14.0";
			developmentRegion = en;
			hasScannedForEncodings = 0;
			knownRegions = (
				en,
				Base,
			);
			mainGroup = 355DD46B2C861B4300AB25F8;
			productRefGroup = 355DD4752C861B4300AB25F8 /* Products */;
			projectDirPath = "";
			projectRoot = "";
			targets = (
				355DD4732C861B4300AB25F8 /* Workflow2 */,
				355DD4832C861B4400AB25F8 /* Workflow2Tests */,
				355DD48D2C861B4400AB25F8 /* Workflow2UITests */,
			);
		};
/* End PBXProject section */

/* Begin PBXResourcesBuildPhase section */
		355DD4722C861B4300AB25F8 /* Resources */ = {
			isa = PBXResourcesBuildPhase;
			buildActionMask = 2147483647;
			files = (
				355DD47F2C861B4400AB25F8 /* Preview Assets.xcassets in Resources */,
				355DD47C2C861B4400AB25F8 /* Assets.xcassets in Resources */,
			);
			runOnlyForDeploymentPostprocessing = 0;
		};
		355DD4822C861B4400AB25F8 /* Resources */ = {
			isa = PBXResourcesBuildPhase;
			buildActionMask = 2147483647;
			files = (
			);
			runOnlyForDeploymentPostprocessing = 0;
		};
		355DD48C2C861B4400AB25F8 /* Resources */ = {
			isa = PBXResourcesBuildPhase;
			buildActionMask = 2147483647;
			files = (
			);
			runOnlyForDeploymentPostprocessing = 0;
		};
/* End PBXResourcesBuildPhase section */

/* Begin PBXSourcesBuildPhase section */
		355DD4702C861B4300AB25F8 /* Sources */ = {
			isa = PBXSourcesBuildPhase;
			buildActionMask = 2147483647;
			files = (
				355DD47A2C861B4300AB25F8 /* ContentView.swift in Sources */,
				355DD4782C861B4300AB25F8 /* Workflow2App.swift in Sources */,
			);
			runOnlyForDeploymentPostprocessing = 0;
		};
		355DD4802C861B4400AB25F8 /* Sources */ = {
			isa = PBXSourcesBuildPhase;
			buildActionMask = 2147483647;
			files = (
				355DD4892C861B4400AB25F8 /* Workflow2Tests.swift in Sources */,
			);
			runOnlyForDeploymentPostprocessing = 0;
		};
		355DD48A2C861B4400AB25F8 /* Sources */ = {
			isa = PBXSourcesBuildPhase;
			buildActionMask = 2147483647;
			files = (
				355DD4952C861B4400AB25F8 /* Workflow2UITestsLaunchTests.swift in Sources */,
				355DD4932C861B4400AB25F8 /* Workflow2UITests.swift in Sources */,
			);
			runOnlyForDeploymentPostprocessing = 0;
		};
/* End PBXSourcesBuildPhase section */

/* Begin PBXTargetDependency section */
		355DD4862C861B4400AB25F8 /* PBXTargetDependency */ = {
			isa = PBXTargetDependency;
			target = 355DD4732C861B4300AB25F8 /* Workflow2 */;
			targetProxy = 355DD4852C861B4400AB25F8 /* PBXContainerItemProxy */;
		};
		355DD4902C861B4400AB25F8 /* PBXTargetDependency */ = {
			isa = PBXTargetDependency;
			target = 355DD4732C861B4300AB25F8 /* Workflow2 */;
			targetProxy = 355DD48F2C861B4400AB25F8 /* PBXContainerItemProxy */;
		};
/* End PBXTargetDependency section */

/* Begin XCBuildConfiguration section */
		355DD4962C861B4400AB25F8 /* Debug */ = {
			isa = XCBuildConfiguration;
			buildSettings = {
				ALWAYS_SEARCH_USER_PATHS = NO;
				ASSETCATALOG_COMPILER_GENERATE_SWIFT_ASSET_SYMBOL_EXTENSIONS = YES;
				CLANG_ANALYZER_NONNULL = YES;
				CLANG_ANALYZER_NUMBER_OBJECT_CONVERSION = YES_AGGRESSIVE;
				CLANG_CXX_LANGUAGE_STANDARD = "gnu++20";
				CLANG_ENABLE_MODULES = YES;
				CLANG_ENABLE_OBJC_ARC = YES;
				CLANG_ENABLE_OBJC_WEAK = YES;
				CLANG_WARN_BLOCK_CAPTURE_AUTORELEASING = YES;
				CLANG_WARN_BOOL_CONVERSION = YES;
				CLANG_WARN_COMMA = YES;
				CLANG_WARN_CONSTANT_CONVERSION = YES;
				CLANG_WARN_DEPRECATED_OBJC_IMPLEMENTATIONS = YES;
				CLANG_WARN_DIRECT_OBJC_ISA_USAGE = YES_ERROR;
				CLANG_WARN_DOCUMENTATION_COMMENTS = YES;
				CLANG_WARN_EMPTY_BODY = YES;
				CLANG_WARN_ENUM_CONVERSION = YES;
				CLANG_WARN_INFINITE_RECURSION = YES;
				CLANG_WARN_INT_CONVERSION = YES;
				CLANG_WARN_NON_LITERAL_NULL_CONVERSION = YES;
				CLANG_WARN_OBJC_IMPLICIT_RETAIN_SELF = YES;
				CLANG_WARN_OBJC_LITERAL_CONVERSION = YES;
				CLANG_WARN_OBJC_ROOT_CLASS = YES_ERROR;
				CLANG_WARN_QUOTED_INCLUDE_IN_FRAMEWORK_HEADER = YES;
				CLANG_WARN_RANGE_LOOP_ANALYSIS = YES;
				CLANG_WARN_STRICT_PROTOTYPES = YES;
				CLANG_WARN_SUSPICIOUS_MOVE = YES;
				CLANG_WARN_UNGUARDED_AVAILABILITY = YES_AGGRESSIVE;
				CLANG_WARN_UNREACHABLE_CODE = YES;
				CLANG_WARN__DUPLICATE_METHOD_MATCH = YES;
				COPY_PHASE_STRIP = NO;
				DEBUG_INFORMATION_FORMAT = dwarf;
				ENABLE_STRICT_OBJC_MSGSEND = YES;
				ENABLE_TESTABILITY = YES;
				ENABLE_USER_SCRIPT_SANDBOXING = YES;
				GCC_C_LANGUAGE_STANDARD = gnu17;
				GCC_DYNAMIC_NO_PIC = NO;
				GCC_NO_COMMON_BLOCKS = YES;
				GCC_OPTIMIZATION_LEVEL = 0;
				GCC_PREPROCESSOR_DEFINITIONS = (
					"DEBUG=1",
					"$(inherited)",
				);
				GCC_WARN_64_TO_32_BIT_CONVERSION = YES;
				GCC_WARN_ABOUT_RETURN_TYPE = YES_ERROR;
				GCC_WARN_UNDECLARED_SELECTOR = YES;
				GCC_WARN_UNINITIALIZED_AUTOS = YES_AGGRESSIVE;
				GCC_WARN_UNUSED_FUNCTION = YES;
				GCC_WARN_UNUSED_VARIABLE = YES;
				IPHONEOS_DEPLOYMENT_TARGET = 17.5;
				LOCALIZATION_PREFERS_STRING_CATALOGS = YES;
				MTL_ENABLE_DEBUG_INFO = INCLUDE_SOURCE;
				MTL_FAST_MATH = YES;
				ONLY_ACTIVE_ARCH = YES;
				SDKROOT = iphoneos;
				SWIFT_ACTIVE_COMPILATION_CONDITIONS = "DEBUG $(inherited)";
				SWIFT_OPTIMIZATION_LEVEL = "-Onone";
			};
			name = Debug;
		};
		355DD4972C861B4400AB25F8 /* Release */ = {
			isa = XCBuildConfiguration;
			buildSettings = {
				ALWAYS_SEARCH_USER_PATHS = NO;
				ASSETCATALOG_COMPILER_GENERATE_SWIFT_ASSET_SYMBOL_EXTENSIONS = YES;
				CLANG_ANALYZER_NONNULL = YES;
				CLANG_ANALYZER_NUMBER_OBJECT_CONVERSION = YES_AGGRESSIVE;
				CLANG_CXX_LANGUAGE_STANDARD = "gnu++20";
				CLANG_ENABLE_MODULES = YES;
				CLANG_ENABLE_OBJC_ARC = YES;
				CLANG_ENABLE_OBJC_WEAK = YES;
				CLANG_WARN_BLOCK_CAPTURE_AUTORELEASING = YES;
				CLANG_WARN_BOOL_CONVERSION = YES;
				CLANG_WARN_COMMA = YES;
				CLANG_WARN_CONSTANT_CONVERSION = YES;
				CLANG_WARN_DEPRECATED_OBJC_IMPLEMENTATIONS = YES;
				CLANG_WARN_DIRECT_OBJC_ISA_USAGE = YES_ERROR;
				CLANG_WARN_DOCUMENTATION_COMMENTS = YES;
				CLANG_WARN_EMPTY_BODY = YES;
				CLANG_WARN_ENUM_CONVERSION = YES;
				CLANG_WARN_INFINITE_RECURSION = YES;
				CLANG_WARN_INT_CONVERSION = YES;
				CLANG_WARN_NON_LITERAL_NULL_CONVERSION = YES;
				CLANG_WARN_OBJC_IMPLICIT_RETAIN_SELF = YES;
				CLANG_WARN_OBJC_LITERAL_CONVERSION = YES;
				CLANG_WARN_OBJC_ROOT_CLASS = YES_ERROR;
				CLANG_WARN_QUOTED_INCLUDE_IN_FRAMEWORK_HEADER = YES;
				CLANG_WARN_RANGE_LOOP_ANALYSIS = YES;
				CLANG_WARN_STRICT_PROTOTYPES = YES;
				CLANG_WARN_SUSPICIOUS_MOVE = YES;
				CLANG_WARN_UNGUARDED_AVAILABILITY = YES_AGGRESSIVE;
				CLANG_WARN_UNREACHABLE_CODE = YES;
				CLANG_WARN__DUPLICATE_METHOD_MATCH = YES;
				COPY_PHASE_STRIP = NO;
				DEBUG_INFORMATION_FORMAT = "dwarf-with-dsym";
				ENABLE_NS_ASSERTIONS = NO;
				ENABLE_STRICT_OBJC_MSGSEND = YES;
				ENABLE_USER_SCRIPT_SANDBOXING = YES;
				GCC_C_LANGUAGE_STANDARD = gnu17;
				GCC_NO_COMMON_BLOCKS = YES;
				GCC_WARN_64_TO_32_BIT_CONVERSION = YES;
				GCC_WARN_ABOUT_RETURN_TYPE = YES_ERROR;
				GCC_WARN_UNDECLARED_SELECTOR = YES;
				GCC_WARN_UNINITIALIZED_AUTOS = YES_AGGRESSIVE;
				GCC_WARN_UNUSED_FUNCTION = YES;
				GCC_WARN_UNUSED_VARIABLE = YES;
				IPHONEOS_DEPLOYMENT_TARGET = 17.5;
				LOCALIZATION_PREFERS_STRING_CATALOGS = YES;
				MTL_ENABLE_DEBUG_INFO = NO;
				MTL_FAST_MATH = YES;
				SDKROOT = iphoneos;
				SWIFT_COMPILATION_MODE = wholemodule;
				VALIDATE_PRODUCT = YES;
			};
			name = Release;
		};
		355DD4992C861B4400AB25F8 /* Debug */ = {
			isa = XCBuildConfiguration;
			buildSettings = {
				ASSETCATALOG_COMPILER_APPICON_NAME = AppIcon;
				ASSETCATALOG_COMPILER_GLOBAL_ACCENT_COLOR_NAME = AccentColor;
				CODE_SIGN_STYLE = Automatic;
				CURRENT_PROJECT_VERSION = 1;
				DEVELOPMENT_ASSET_PATHS = "\"Workflow2/Preview Content\"";
				DEVELOPMENT_TEAM = 62BSFK378K;
				ENABLE_PREVIEWS = YES;
				GENERATE_INFOPLIST_FILE = YES;
				INFOPLIST_KEY_UIApplicationSceneManifest_Generation = YES;
				INFOPLIST_KEY_UIApplicationSupportsIndirectInputEvents = YES;
				INFOPLIST_KEY_UILaunchScreen_Generation = YES;
				INFOPLIST_KEY_UISupportedInterfaceOrientations_iPad = "UIInterfaceOrientationPortrait UIInterfaceOrientationPortraitUpsideDown UIInterfaceOrientationLandscapeLeft UIInterfaceOrientationLandscapeRight";
				INFOPLIST_KEY_UISupportedInterfaceOrientations_iPhone = "UIInterfaceOrientationPortrait UIInterfaceOrientationLandscapeLeft UIInterfaceOrientationLandscapeRight";
				LD_RUNPATH_SEARCH_PATHS = (
					"$(inherited)",
					"@executable_path/Frameworks",
				);
				MARKETING_VERSION = 1.0;
				PRODUCT_BUNDLE_IDENTIFIER = edu.psu.ois5092.Workflow2;
				PRODUCT_NAME = "$(TARGET_NAME)";
				SWIFT_EMIT_LOC_STRINGS = YES;
				SWIFT_VERSION = 5.0;
				TARGETED_DEVICE_FAMILY = "1,2";
			};
			name = Debug;
		};
		355DD49A2C861B4400AB25F8 /* Release */ = {
			isa = XCBuildConfiguration;
			buildSettings = {
				ASSETCATALOG_COMPILER_APPICON_NAME = AppIcon;
				ASSETCATALOG_COMPILER_GLOBAL_ACCENT_COLOR_NAME = AccentColor;
				CODE_SIGN_STYLE = Automatic;
				CURRENT_PROJECT_VERSION = 1;
				DEVELOPMENT_ASSET_PATHS = "\"Workflow2/Preview Content\"";
				DEVELOPMENT_TEAM = 62BSFK378K;
				ENABLE_PREVIEWS = YES;
				GENERATE_INFOPLIST_FILE = YES;
				INFOPLIST_KEY_UIApplicationSceneManifest_Generation = YES;
				INFOPLIST_KEY_UIApplicationSupportsIndirectInputEvents = YES;
				INFOPLIST_KEY_UILaunchScreen_Generation = YES;
				INFOPLIST_KEY_UISupportedInterfaceOrientations_iPad = "UIInterfaceOrientationPortrait UIInterfaceOrientationPortraitUpsideDown UIInterfaceOrientationLandscapeLeft UIInterfaceOrientationLandscapeRight";
				INFOPLIST_KEY_UISupportedInterfaceOrientations_iPhone = "UIInterfaceOrientationPortrait UIInterfaceOrientationLandscapeLeft UIInterfaceOrientationLandscapeRight";
				LD_RUNPATH_SEARCH_PATHS = (
					"$(inherited)",
					"@executable_path/Frameworks",
				);
				MARKETING_VERSION = 1.0;
				PRODUCT_BUNDLE_IDENTIFIER = edu.psu.ois5092.Workflow2;
				PRODUCT_NAME = "$(TARGET_NAME)";
				SWIFT_EMIT_LOC_STRINGS = YES;
				SWIFT_VERSION = 5.0;
				TARGETED_DEVICE_FAMILY = "1,2";
			};
			name = Release;
		};
		355DD49C2C861B4400AB25F8 /* Debug */ = {
			isa = XCBuildConfiguration;
			buildSettings = {
				ALWAYS_EMBED_SWIFT_STANDARD_LIBRARIES = YES;
				BUNDLE_LOADER = "$(TEST_HOST)";
				CODE_SIGN_STYLE = Automatic;
				CURRENT_PROJECT_VERSION = 1;
				DEVELOPMENT_TEAM = 62BSFK378K;
				GENERATE_INFOPLIST_FILE = YES;
				IPHONEOS_DEPLOYMENT_TARGET = 17.5;
				MARKETING_VERSION = 1.0;
				PRODUCT_BUNDLE_IDENTIFIER = edu.psu.ois5092.Workflow2Tests;
				PRODUCT_NAME = "$(TARGET_NAME)";
				SWIFT_EMIT_LOC_STRINGS = NO;
				SWIFT_VERSION = 5.0;
				TARGETED_DEVICE_FAMILY = "1,2";
				TEST_HOST = "$(BUILT_PRODUCTS_DIR)/Workflow2.app/$(BUNDLE_EXECUTABLE_FOLDER_PATH)/Workflow2";
			};
			name = Debug;
		};
		355DD49D2C861B4400AB25F8 /* Release */ = {
			isa = XCBuildConfiguration;
			buildSettings = {
				ALWAYS_EMBED_SWIFT_STANDARD_LIBRARIES = YES;
				BUNDLE_LOADER = "$(TEST_HOST)";
				CODE_SIGN_STYLE = Automatic;
				CURRENT_PROJECT_VERSION = 1;
				DEVELOPMENT_TEAM = 62BSFK378K;
				GENERATE_INFOPLIST_FILE = YES;
				IPHONEOS_DEPLOYMENT_TARGET = 17.5;
				MARKETING_VERSION = 1.0;
				PRODUCT_BUNDLE_IDENTIFIER = edu.psu.ois5092.Workflow2Tests;
				PRODUCT_NAME = "$(TARGET_NAME)";
				SWIFT_EMIT_LOC_STRINGS = NO;
				SWIFT_VERSION = 5.0;
				TARGETED_DEVICE_FAMILY = "1,2";
				TEST_HOST = "$(BUILT_PRODUCTS_DIR)/Workflow2.app/$(BUNDLE_EXECUTABLE_FOLDER_PATH)/Workflow2";
			};
			name = Release;
		};
		355DD49F2C861B4400AB25F8 /* Debug */ = {
			isa = XCBuildConfiguration;
			buildSettings = {
				ALWAYS_EMBED_SWIFT_STANDARD_LIBRARIES = YES;
				CODE_SIGN_STYLE = Automatic;
				CURRENT_PROJECT_VERSION = 1;
				DEVELOPMENT_TEAM = 62BSFK378K;
				GENERATE_INFOPLIST_FILE = YES;
				MARKETING_VERSION = 1.0;
				PRODUCT_BUNDLE_IDENTIFIER = edu.psu.ois5092.Workflow2UITests;
				PRODUCT_NAME = "$(TARGET_NAME)";
				SWIFT_EMIT_LOC_STRINGS = NO;
				SWIFT_VERSION = 5.0;
				TARGETED_DEVICE_FAMILY = "1,2";
				TEST_TARGET_NAME = Workflow2;
			};
			name = Debug;
		};
		355DD4A02C861B4400AB25F8 /* Release */ = {
			isa = XCBuildConfiguration;
			buildSettings = {
				ALWAYS_EMBED_SWIFT_STANDARD_LIBRARIES = YES;
				CODE_SIGN_STYLE = Automatic;
				CURRENT_PROJECT_VERSION = 1;
				DEVELOPMENT_TEAM = 62BSFK378K;
				GENERATE_INFOPLIST_FILE = YES;
				MARKETING_VERSION = 1.0;
				PRODUCT_BUNDLE_IDENTIFIER = edu.psu.ois5092.Workflow2UITests;
				PRODUCT_NAME = "$(TARGET_NAME)";
				SWIFT_EMIT_LOC_STRINGS = NO;
				SWIFT_VERSION = 5.0;
				TARGETED_DEVICE_FAMILY = "1,2";
				TEST_TARGET_NAME = Workflow2;
			};
			name = Release;
		};
/* End XCBuildConfiguration section */

/* Begin XCConfigurationList section */
		355DD46F2C861B4300AB25F8 /* Build configuration list for PBXProject "Workflow2" */ = {
			isa = XCConfigurationList;
			buildConfigurations = (
				355DD4962C861B4400AB25F8 /* Debug */,
				355DD4972C861B4400AB25F8 /* Release */,
			);
			defaultConfigurationIsVisible = 0;
			defaultConfigurationName = Release;
		};
		355DD4982C861B4400AB25F8 /* Build configuration list for PBXNativeTarget "Workflow2" */ = {
			isa = XCConfigurationList;
			buildConfigurations = (
				355DD4992C861B4400AB25F8 /* Debug */,
				355DD49A2C861B4400AB25F8 /* Release */,
			);
			defaultConfigurationIsVisible = 0;
			defaultConfigurationName = Release;
		};
		355DD49B2C861B4400AB25F8 /* Build configuration list for PBXNativeTarget "Workflow2Tests" */ = {
			isa = XCConfigurationList;
			buildConfigurations = (
				355DD49C2C861B4400AB25F8 /* Debug */,
				355DD49D2C861B4400AB25F8 /* Release */,
			);
			defaultConfigurationIsVisible = 0;
			defaultConfigurationName = Release;
		};
		355DD49E2C861B4400AB25F8 /* Build configuration list for PBXNativeTarget "Workflow2UITests" */ = {
			isa = XCConfigurationList;
			buildConfigurations = (
				355DD49F2C861B4400AB25F8 /* Debug */,
				355DD4A02C861B4400AB25F8 /* Release */,
			);
			defaultConfigurationIsVisible = 0;
			defaultConfigurationName = Release;
		};
/* End XCConfigurationList section */
	};
	rootObject = 355DD46C2C861B4300AB25F8 /* Project object */;
}
